
Microsoft Visual Studio Solution File, Format Version 12.00
# Visual Studio Version 17
VisualStudioVersion = 17.4.33213.308
MinimumVisualStudioVersion = 10.0.40219.1
Project("{FAE04EC0-301F-11D3-BF4B-00C04F79EFBC}") = "FinalExam_PrabhkiratKaurChugh_8890008", "FinalExam_PrabhkiratKaurChugh_8890008.csproj", "{4C5BF2CE-74E6-4A4B-84F9-FF9FBE834030}"
EndProject
Global
	GlobalSection(SolutionConfigurationPlatforms) = preSolution
		Debug|Any CPU = Debug|Any CPU
		Release|Any CPU = Release|Any CPU
	EndGlobalSection
	GlobalSection(ProjectConfigurationPlatforms) = postSolution
		{4C5BF2CE-74E6-4A4B-84F9-FF9FBE834030}.Debug|Any CPU.ActiveCfg = Debug|Any CPU
		{4C5BF2CE-74E6-4A4B-84F9-FF9FBE834030}.Debug|Any CPU.Build.0 = Debug|Any CPU
		{4C5BF2CE-74E6-4A4B-84F9-FF9FBE834030}.Release|Any CPU.ActiveCfg = Release|Any CPU
		{4C5BF2CE-74E6-4A4B-84F9-FF9FBE834030}.Release|Any CPU.Build.0 = Release|Any CPU
	EndGlobalSection
	GlobalSection(SolutionProperties) = preSolution
		HideSolutionNode = FALSE
	EndGlobalSection
	GlobalSection(ExtensibilityGlobals) = postSolution
		SolutionGuid = {038A9ADF-DF85-4FBE-B55A-4E980D454C2C}
	EndGlobalSection
EndGlobal
